
Microsoft Visual Studio Solution File, Format Version 12.00
# Visual Studio Version 17
VisualStudioVersion = 17.11.35303.130
MinimumVisualStudioVersion = 10.0.40219.1
Project("{FAE04EC0-301F-11D3-BF4B-00C04F79EFBC}") = "GymAndFitness", "GymAndFitness.csproj", "{1A4C0422-7845-4E68-9E47-519F4C47A9CD}"
EndProject
Project("{54435603-DBB4-11D2-8724-00A0C9A8B90C}") = "GymAndFitnessSetup", "..\GymAndFitnessSetup\GymAndFitnessSetup.vdproj", "{267DACEC-36F5-42AC-813E-180DCC59EA6B}"
EndProject
Global
	GlobalSection(SolutionConfigurationPlatforms) = preSolution
		Debug|Any CPU = Debug|Any CPU
		Debug|x64 = Debug|x64
		Release|Any CPU = Release|Any CPU
		Release|x64 = Release|x64
	EndGlobalSection
	GlobalSection(ProjectConfigurationPlatforms) = postSolution
		{1A4C0422-7845-4E68-9E47-519F4C47A9CD}.Debug|Any CPU.ActiveCfg = Debug|Any CPU
		{1A4C0422-7845-4E68-9E47-519F4C47A9CD}.Debug|Any CPU.Build.0 = Debug|Any CPU
		{1A4C0422-7845-4E68-9E47-519F4C47A9CD}.Debug|x64.ActiveCfg = Debug|x64
		{1A4C0422-7845-4E68-9E47-519F4C47A9CD}.Debug|x64.Build.0 = Debug|x64
		{1A4C0422-7845-4E68-9E47-519F4C47A9CD}.Release|Any CPU.ActiveCfg = Release|Any CPU
		{1A4C0422-7845-4E68-9E47-519F4C47A9CD}.Release|Any CPU.Build.0 = Release|Any CPU
		{1A4C0422-7845-4E68-9E47-519F4C47A9CD}.Release|x64.ActiveCfg = Release|x64
		{1A4C0422-7845-4E68-9E47-519F4C47A9CD}.Release|x64.Build.0 = Release|x64
		{267DACEC-36F5-42AC-813E-180DCC59EA6B}.Debug|Any CPU.ActiveCfg = Debug
		{267DACEC-36F5-42AC-813E-180DCC59EA6B}.Debug|x64.ActiveCfg = Debug
		{267DACEC-36F5-42AC-813E-180DCC59EA6B}.Debug|x64.Build.0 = Debug
		{267DACEC-36F5-42AC-813E-180DCC59EA6B}.Release|Any CPU.ActiveCfg = Release
		{267DACEC-36F5-42AC-813E-180DCC59EA6B}.Release|x64.ActiveCfg = Release
	EndGlobalSection
	GlobalSection(SolutionProperties) = preSolution
		HideSolutionNode = FALSE
	EndGlobalSection
	GlobalSection(ExtensibilityGlobals) = postSolution
		SolutionGuid = {6D49127C-E59D-4683-9930-73A211176BA1}
	EndGlobalSection
EndGlobal
